// !$*UTF8*$!
{
	archiveVersion = 1;
	classes = {
	};
	objectVersion = 71;
	objects = {

/* Begin PBXBuildFile section */
		A00000000000000000000101 /* SharedConfig.swift in Sources */ = {isa = PBXBuildFile; fileRef = A00000000000000000000001 /* SharedConfig.swift */; };
		A00000000000000000000102 /* KeychainStore.swift in Sources */ = {isa = PBXBuildFile; fileRef = A00000000000000000000002 /* KeychainStore.swift */; };
		A00000000000000000000103 /* ActualCache.swift in Sources */ = {isa = PBXBuildFile; fileRef = A00000000000000000000003 /* ActualCache.swift */; };
		A00000000000000000000104 /* AssistantAPI.swift in Sources */ = {isa = PBXBuildFile; fileRef = A00000000000000000000004 /* AssistantAPI.swift */; };
		A00000000000000000000105 /* MarkdownSummary.swift in Sources */ = {isa = PBXBuildFile; fileRef = A00000000000000000000005 /* MarkdownSummary.swift */; };
		A00000000000000000000111 /* MicroAssistApp.swift in Sources */ = {isa = PBXBuildFile; fileRef = A00000000000000000000011 /* MicroAssistApp.swift */; };
		A00000000000000000000112 /* AssistantViewModel.swift in Sources */ = {isa = PBXBuildFile; fileRef = A00000000000000000000012 /* AssistantViewModel.swift */; };
		A00000000000000000000113 /* ContentView.swift in Sources */ = {isa = PBXBuildFile; fileRef = A00000000000000000000013 /* ContentView.swift */; };
		A00000000000000000000114 /* SettingsView.swift in Sources */ = {isa = PBXBuildFile; fileRef = A00000000000000000000014 /* SettingsView.swift */; };
		A00000000000000000000115 /* SendToAssistantIntent.swift in Sources */ = {isa = PBXBuildFile; fileRef = A00000000000000000000015 /* SendToAssistantIntent.swift */; };
		A00000000000000000000116 /* Assets.xcassets in Resources */ = {isa = PBXBuildFile; fileRef = A00000000000000000000017 /* Assets.xcassets */; };
		A00000000000000000000121 /* SharedConfig.swift in Sources */ = {isa = PBXBuildFile; fileRef = A00000000000000000000001 /* SharedConfig.swift */; };
		A00000000000000000000122 /* KeychainStore.swift in Sources */ = {isa = PBXBuildFile; fileRef = A00000000000000000000002 /* KeychainStore.swift */; };
		A00000000000000000000123 /* ActualCache.swift in Sources */ = {isa = PBXBuildFile; fileRef = A00000000000000000000003 /* ActualCache.swift */; };
		A00000000000000000000124 /* AssistantAPI.swift in Sources */ = {isa = PBXBuildFile; fileRef = A00000000000000000000004 /* AssistantAPI.swift */; };
		A00000000000000000000125 /* MarkdownSummary.swift in Sources */ = {isa = PBXBuildFile; fileRef = A00000000000000000000005 /* MarkdownSummary.swift */; };
		A00000000000000000000126 /* MicroAssistWidgetBundle.swift in Sources */ = {isa = PBXBuildFile; fileRef = A00000000000000000000021 /* MicroAssistWidgetBundle.swift */; };
		A00000000000000000000127 /* MicroAssistWidget.swift in Sources */ = {isa = PBXBuildFile; fileRef = A00000000000000000000022 /* MicroAssistWidget.swift */; };
		A00000000000000000000130 /* MicroAssistWidgetExtension.appex in Embed App Extensions */ = {isa = PBXBuildFile; fileRef = A00000000000000000000032 /* MicroAssistWidgetExtension.appex */; settings = {ATTRIBUTES = (CodeSignOnCopy, RemoveHeadersOnCopy, ); }; };
/* End PBXBuildFile section */

/* Begin PBXContainerItemProxy section */
		A00000000000000000000201 /* PBXContainerItemProxy */ = {
			isa = PBXContainerItemProxy;
			containerPortal = A00000000000000000000400 /* Project object */;
			proxyType = 1;
			remoteGlobalIDString = A00000000000000000000302;
			remoteInfo = MicroAssistWidgetExtension;
		};
/* End PBXContainerItemProxy section */

/* Begin PBXCopyFilesBuildPhase section */
		A00000000000000000000504 /* Embed App Extensions */ = {
			isa = PBXCopyFilesBuildPhase;
			buildActionMask = 2147483647;
			dstPath = "";
			dstSubfolderSpec = 13;
			files = (
				A00000000000000000000130 /* MicroAssistWidgetExtension.appex in Embed App Extensions */,
			);
			name = "Embed App Extensions";
			runOnlyForDeploymentPostprocessing = 0;
		};
/* End PBXCopyFilesBuildPhase section */

/* Begin PBXFileReference section */
		A00000000000000000000001 /* SharedConfig.swift */ = {isa = PBXFileReference; lastKnownFileType = sourcecode.swift; path = SharedConfig.swift; sourceTree = "<group>"; };
		A00000000000000000000002 /* KeychainStore.swift */ = {isa = PBXFileReference; lastKnownFileType = sourcecode.swift; path = KeychainStore.swift; sourceTree = "<group>"; };
		A00000000000000000000003 /* ActualCache.swift */ = {isa = PBXFileReference; lastKnownFileType = sourcecode.swift; path = ActualCache.swift; sourceTree = "<group>"; };
		A00000000000000000000004 /* AssistantAPI.swift */ = {isa = PBXFileReference; lastKnownFileType = sourcecode.swift; path = AssistantAPI.swift; sourceTree = "<group>"; };
		A00000000000000000000005 /* MarkdownSummary.swift */ = {isa = PBXFileReference; lastKnownFileType = sourcecode.swift; path = MarkdownSummary.swift; sourceTree = "<group>"; };
		A00000000000000000000011 /* MicroAssistApp.swift */ = {isa = PBXFileReference; lastKnownFileType = sourcecode.swift; path = MicroAssistApp.swift; sourceTree = "<group>"; };
		A00000000000000000000012 /* AssistantViewModel.swift */ = {isa = PBXFileReference; lastKnownFileType = sourcecode.swift; path = AssistantViewModel.swift; sourceTree = "<group>"; };
		A00000000000000000000013 /* ContentView.swift */ = {isa = PBXFileReference; lastKnownFileType = sourcecode.swift; path = ContentView.swift; sourceTree = "<group>"; };
		A00000000000000000000014 /* SettingsView.swift */ = {isa = PBXFileReference; lastKnownFileType = sourcecode.swift; path = SettingsView.swift; sourceTree = "<group>"; };
		A00000000000000000000015 /* SendToAssistantIntent.swift */ = {isa = PBXFileReference; lastKnownFileType = sourcecode.swift; path = SendToAssistantIntent.swift; sourceTree = "<group>"; };
		A00000000000000000000016 /* MicroAssist.entitlements */ = {isa = PBXFileReference; lastKnownFileType = text.plist.entitlements; path = MicroAssist.entitlements; sourceTree = "<group>"; };
		A00000000000000000000017 /* Assets.xcassets */ = {isa = PBXFileReference; lastKnownFileType = folder.assetcatalog; path = Assets.xcassets; sourceTree = "<group>"; };
		A00000000000000000000018 /* Info.plist */ = {isa = PBXFileReference; lastKnownFileType = text.plist.xml; path = Info.plist; sourceTree = "<group>"; };
		A00000000000000000000021 /* MicroAssistWidgetBundle.swift */ = {isa = PBXFileReference; lastKnownFileType = sourcecode.swift; path = MicroAssistWidgetBundle.swift; sourceTree = "<group>"; };
		A00000000000000000000022 /* MicroAssistWidget.swift */ = {isa = PBXFileReference; lastKnownFileType = sourcecode.swift; path = MicroAssistWidget.swift; sourceTree = "<group>"; };
		A00000000000000000000023 /* MicroAssistWidget.entitlements */ = {isa = PBXFileReference; lastKnownFileType = text.plist.entitlements; path = MicroAssistWidget.entitlements; sourceTree = "<group>"; };
		A00000000000000000000024 /* Info.plist */ = {isa = PBXFileReference; lastKnownFileType = text.plist.xml; path = Info.plist; sourceTree = "<group>"; };
		A00000000000000000000031 /* MicroAssist.app */ = {isa = PBXFileReference; explicitFileType = wrapper.application; includeInIndex = 0; path = MicroAssist.app; sourceTree = BUILT_PRODUCTS_DIR; };
		A00000000000000000000032 /* MicroAssistWidgetExtension.appex */ = {isa = PBXFileReference; explicitFileType = "wrapper.app-extension"; includeInIndex = 0; path = MicroAssistWidgetExtension.appex; sourceTree = BUILT_PRODUCTS_DIR; };
/* End PBXFileReference section */

/* Begin PBXFrameworksBuildPhase section */
		A00000000000000000000502 /* Frameworks */ = {
			isa = PBXFrameworksBuildPhase;
			buildActionMask = 2147483647;
			files = (
			);
			runOnlyForDeploymentPostprocessing = 0;
		};
		A00000000000000000000512 /* Frameworks */ = {
			isa = PBXFrameworksBuildPhase;
			buildActionMask = 2147483647;
			files = (
			);
			runOnlyForDeploymentPostprocessing = 0;
		};
/* End PBXFrameworksBuildPhase section */

/* Begin PBXGroup section */
		A00000000000000000000600 = {
			isa = PBXGroup;
			children = (
				A00000000000000000000601 /* Shared */,
				A00000000000000000000602 /* MicroAssist */,
				A00000000000000000000603 /* MicroAssistWidget */,
				A00000000000000000000604 /* Products */,
			);
			sourceTree = "<group>";
		};
		A00000000000000000000601 /* Shared */ = {
			isa = PBXGroup;
			children = (
				A00000000000000000000001 /* SharedConfig.swift */,
				A00000000000000000000002 /* KeychainStore.swift */,
				A00000000000000000000003 /* ActualCache.swift */,
				A00000000000000000000004 /* AssistantAPI.swift */,
				A00000000000000000000005 /* MarkdownSummary.swift */,
			);
			path = Shared;
			sourceTree = "<group>";
		};
		A00000000000000000000602 /* MicroAssist */ = {
			isa = PBXGroup;
			children = (
				A00000000000000000000011 /* MicroAssistApp.swift */,
				A00000000000000000000012 /* AssistantViewModel.swift */,
				A00000000000000000000013 /* ContentView.swift */,
				A00000000000000000000014 /* SettingsView.swift */,
				A00000000000000000000015 /* SendToAssistantIntent.swift */,
				A00000000000000000000016 /* MicroAssist.entitlements */,
				A00000000000000000000017 /* Assets.xcassets */,
				A00000000000000000000018 /* Info.plist */,
			);
			path = MicroAssist;
			sourceTree = "<group>";
		};
		A00000000000000000000603 /* MicroAssistWidget */ = {
			isa = PBXGroup;
			children = (
				A00000000000000000000021 /* MicroAssistWidgetBundle.swift */,
				A00000000000000000000022 /* MicroAssistWidget.swift */,
				A00000000000000000000023 /* MicroAssistWidget.entitlements */,
				A00000000000000000000024 /* Info.plist */,
			);
			path = MicroAssistWidget;
			sourceTree = "<group>";
		};
		A00000000000000000000604 /* Products */ = {
			isa = PBXGroup;
			children = (
				A00000000000000000000031 /* MicroAssist.app */,
				A00000000000000000000032 /* MicroAssistWidgetExtension.appex */,
			);
			name = Products;
			sourceTree = "<group>";
		};
/* End PBXGroup section */

/* Begin PBXNativeTarget section */
		A00000000000000000000301 /* MicroAssist */ = {
			isa = PBXNativeTarget;
			buildConfigurationList = A00000000000000000000801 /* Build configuration list for PBXNativeTarget "MicroAssist" */;
			buildPhases = (
				A00000000000000000000501 /* Sources */,
				A00000000000000000000502 /* Frameworks */,
				A00000000000000000000503 /* Resources */,
				A00000000000000000000504 /* Embed App Extensions */,
			);
			buildRules = (
			);
			dependencies = (
				A00000000000000000000202 /* PBXTargetDependency */,
			);
			name = MicroAssist;
			productName = MicroAssist;
			productReference = A00000000000000000000031 /* MicroAssist.app */;
			productType = "com.apple.product-type.application";
		};
		A00000000000000000000302 /* MicroAssistWidgetExtension */ = {
			isa = PBXNativeTarget;
			buildConfigurationList = A00000000000000000000802 /* Build configuration list for PBXNativeTarget "MicroAssistWidgetExtension" */;
			buildPhases = (
				A00000000000000000000511 /* Sources */,
				A00000000000000000000512 /* Frameworks */,
				A00000000000000000000513 /* Resources */,
			);
			buildRules = (
			);
			dependencies = (
			);
			name = MicroAssistWidgetExtension;
			productName = MicroAssistWidgetExtension;
			productReference = A00000000000000000000032 /* MicroAssistWidgetExtension.appex */;
			productType = "com.apple.product-type.app-extension";
		};
/* End PBXNativeTarget section */

/* Begin PBXProject section */
		A00000000000000000000400 /* Project object */ = {
			isa = PBXProject;
			attributes = {
				BuildIndependentTargetsInParallel = 1;
				LastSwiftUpdateCheck = 2610;
				LastUpgradeCheck = 2610;
				TargetAttributes = {
					A00000000000000000000301 = {
						CreatedOnToolsVersion = 26.1;
					};
					A00000000000000000000302 = {
						CreatedOnToolsVersion = 26.1;
					};
				};
			};
			buildConfigurationList = A00000000000000000000800 /* Build configuration list for PBXProject "MicroAssist" */;
			compatibilityVersion = "Xcode 16.0";
			developmentRegion = en;
			hasScannedForEncodings = 0;
			knownRegions = (
				en,
				Base,
			);
			mainGroup = A00000000000000000000600;
			productRefGroup = A00000000000000000000604 /* Products */;
			projectDirPath = "";
			projectRoot = "";
			targets = (
				A00000000000000000000301 /* MicroAssist */,
				A00000000000000000000302 /* MicroAssistWidgetExtension */,
			);
		};
/* End PBXProject section */

/* Begin PBXResourcesBuildPhase section */
		A00000000000000000000503 /* Resources */ = {
			isa = PBXResourcesBuildPhase;
			buildActionMask = 2147483647;
			files = (
				A00000000000000000000116 /* Assets.xcassets in Resources */,
			);
			runOnlyForDeploymentPostprocessing = 0;
		};
		A00000000000000000000513 /* Resources */ = {
			isa = PBXResourcesBuildPhase;
			buildActionMask = 2147483647;
			files = (
			);
			runOnlyForDeploymentPostprocessing = 0;
		};
/* End PBXResourcesBuildPhase section */

/* Begin PBXSourcesBuildPhase section */
		A00000000000000000000501 /* Sources */ = {
			isa = PBXSourcesBuildPhase;
			buildActionMask = 2147483647;
			files = (
				A00000000000000000000101 /* SharedConfig.swift in Sources */,
				A00000000000000000000102 /* KeychainStore.swift in Sources */,
				A00000000000000000000103 /* ActualCache.swift in Sources */,
				A00000000000000000000104 /* AssistantAPI.swift in Sources */,
				A00000000000000000000105 /* MarkdownSummary.swift in Sources */,
				A00000000000000000000111 /* MicroAssistApp.swift in Sources */,
				A00000000000000000000112 /* AssistantViewModel.swift in Sources */,
				A00000000000000000000113 /* ContentView.swift in Sources */,
				A00000000000000000000114 /* SettingsView.swift in Sources */,
				A00000000000000000000115 /* SendToAssistantIntent.swift in Sources */,
			);
			runOnlyForDeploymentPostprocessing = 0;
		};
		A00000000000000000000511 /* Sources */ = {
			isa = PBXSourcesBuildPhase;
			buildActionMask = 2147483647;
			files = (
				A00000000000000000000121 /* SharedConfig.swift in Sources */,
				A00000000000000000000122 /* KeychainStore.swift in Sources */,
				A00000000000000000000123 /* ActualCache.swift in Sources */,
				A00000000000000000000124 /* AssistantAPI.swift in Sources */,
				A00000000000000000000125 /* MarkdownSummary.swift in Sources */,
				A00000000000000000000126 /* MicroAssistWidgetBundle.swift in Sources */,
				A00000000000000000000127 /* MicroAssistWidget.swift in Sources */,
			);
			runOnlyForDeploymentPostprocessing = 0;
		};
/* End PBXSourcesBuildPhase section */

/* Begin PBXTargetDependency section */
		A00000000000000000000202 /* PBXTargetDependency */ = {
			isa = PBXTargetDependency;
			target = A00000000000000000000302 /* MicroAssistWidgetExtension */;
			targetProxy = A00000000000000000000201 /* PBXContainerItemProxy */;
		};
/* End PBXTargetDependency section */

/* Begin XCBuildConfiguration section */
		A00000000000000000000701 /* Debug */ = {
			isa = XCBuildConfiguration;
			buildSettings = {
				ALWAYS_SEARCH_USER_PATHS = NO;
				CLANG_ENABLE_MODULES = YES;
				CLANG_ENABLE_OBJC_ARC = YES;
				DEBUG_INFORMATION_FORMAT = dwarf;
				ENABLE_TESTABILITY = YES;
				GCC_C_LANGUAGE_STANDARD = gnu17;
				GCC_OPTIMIZATION_LEVEL = 0;
				IPHONEOS_DEPLOYMENT_TARGET = 17.0;
				MTL_ENABLE_DEBUG_INFO = INCLUDE_SOURCE;
				ONLY_ACTIVE_ARCH = YES;
				SDKROOT = iphoneos;
				SWIFT_ACTIVE_COMPILATION_CONDITIONS = "DEBUG $(inherited)";
				SWIFT_OPTIMIZATION_LEVEL = "-Onone";
			};
			name = Debug;
		};
		A00000000000000000000702 /* Release */ = {
			isa = XCBuildConfiguration;
			buildSettings = {
				ALWAYS_SEARCH_USER_PATHS = NO;
				CLANG_ENABLE_MODULES = YES;
				CLANG_ENABLE_OBJC_ARC = YES;
				DEBUG_INFORMATION_FORMAT = "dwarf-with-dsym";
				GCC_C_LANGUAGE_STANDARD = gnu17;
				IPHONEOS_DEPLOYMENT_TARGET = 17.0;
				MTL_ENABLE_DEBUG_INFO = NO;
				SDKROOT = iphoneos;
				SWIFT_COMPILATION_MODE = wholemodule;
				SWIFT_OPTIMIZATION_LEVEL = "-O";
				VALIDATE_PRODUCT = YES;
			};
			name = Release;
		};
		A00000000000000000000711 /* Debug */ = {
			isa = XCBuildConfiguration;
			buildSettings = {
				ASSETCATALOG_COMPILER_APPICON_NAME = AppIcon;
				CODE_SIGN_ENTITLEMENTS = MicroAssist/MicroAssist.entitlements;
				CODE_SIGN_STYLE = Automatic;
				CURRENT_PROJECT_VERSION = 3;
				DEVELOPMENT_TEAM = QBMST95A6B;
				GENERATE_INFOPLIST_FILE = NO;
				INFOPLIST_FILE = MicroAssist/Info.plist;
				INFOPLIST_KEY_CFBundleDisplayName = MicroAssistAI;
				INFOPLIST_KEY_LSApplicationCategoryType = "public.app-category.productivity";
				INFOPLIST_KEY_NSAppTransportSecurity_NSAllowsArbitraryLoads = YES;
				INFOPLIST_KEY_NSAppTransportSecurity_NSAllowsLocalNetworking = YES;
				INFOPLIST_KEY_UIApplicationSceneManifest_Generation = YES;
				INFOPLIST_KEY_UIApplicationSupportsIndirectInputEvents = YES;
				INFOPLIST_KEY_UILaunchScreen_Generation = YES;
				INFOPLIST_KEY_UISupportedInterfaceOrientations_iPhone = UIInterfaceOrientationPortrait;
				MARKETING_VERSION = 1.0;
				PRODUCT_BUNDLE_IDENTIFIER = com.microassist.ftpud;
				PRODUCT_NAME = "$(TARGET_NAME)";
				SWIFT_EMIT_LOC_STRINGS = YES;
				SWIFT_VERSION = 5.0;
				TARGETED_DEVICE_FAMILY = 1;
			};
			name = Debug;
		};
		A00000000000000000000712 /* Release */ = {
			isa = XCBuildConfiguration;
			buildSettings = {
				ASSETCATALOG_COMPILER_APPICON_NAME = AppIcon;
				CODE_SIGN_ENTITLEMENTS = MicroAssist/MicroAssist.entitlements;
				CODE_SIGN_STYLE = Automatic;
				CURRENT_PROJECT_VERSION = 3;
				DEVELOPMENT_TEAM = QBMST95A6B;
				GENERATE_INFOPLIST_FILE = NO;
				INFOPLIST_FILE = MicroAssist/Info.plist;
				INFOPLIST_KEY_CFBundleDisplayName = MicroAssistAI;
				INFOPLIST_KEY_LSApplicationCategoryType = "public.app-category.productivity";
				INFOPLIST_KEY_NSAppTransportSecurity_NSAllowsArbitraryLoads = YES;
				INFOPLIST_KEY_NSAppTransportSecurity_NSAllowsLocalNetworking = YES;
				INFOPLIST_KEY_UIApplicationSceneManifest_Generation = YES;
				INFOPLIST_KEY_UIApplicationSupportsIndirectInputEvents = YES;
				INFOPLIST_KEY_UILaunchScreen_Generation = YES;
				INFOPLIST_KEY_UISupportedInterfaceOrientations_iPhone = UIInterfaceOrientationPortrait;
				MARKETING_VERSION = 1.0;
				PRODUCT_BUNDLE_IDENTIFIER = com.microassist.ftpud;
				PRODUCT_NAME = "$(TARGET_NAME)";
				SWIFT_EMIT_LOC_STRINGS = YES;
				SWIFT_VERSION = 5.0;
				TARGETED_DEVICE_FAMILY = 1;
			};
			name = Release;
		};
		A00000000000000000000721 /* Debug */ = {
			isa = XCBuildConfiguration;
			buildSettings = {
				CODE_SIGN_ENTITLEMENTS = MicroAssistWidget/MicroAssistWidget.entitlements;
				CODE_SIGN_STYLE = Automatic;
				CURRENT_PROJECT_VERSION = 3;
				DEVELOPMENT_TEAM = QBMST95A6B;
				GENERATE_INFOPLIST_FILE = NO;
				INFOPLIST_FILE = MicroAssistWidget/Info.plist;
				IPHONEOS_DEPLOYMENT_TARGET = 17.0;
				MARKETING_VERSION = 1.0;
				PRODUCT_BUNDLE_IDENTIFIER = com.microassist.ftpud.widget;
				PRODUCT_NAME = "$(TARGET_NAME)";
				SKIP_INSTALL = YES;
				SWIFT_EMIT_LOC_STRINGS = YES;
				SWIFT_VERSION = 5.0;
				TARGETED_DEVICE_FAMILY = 1;
			};
			name = Debug;
		};
		A00000000000000000000722 /* Release */ = {
			isa = XCBuildConfiguration;
			buildSettings = {
				CODE_SIGN_ENTITLEMENTS = MicroAssistWidget/MicroAssistWidget.entitlements;
				CODE_SIGN_STYLE = Automatic;
				CURRENT_PROJECT_VERSION = 3;
				DEVELOPMENT_TEAM = QBMST95A6B;
				GENERATE_INFOPLIST_FILE = NO;
				INFOPLIST_FILE = MicroAssistWidget/Info.plist;
				IPHONEOS_DEPLOYMENT_TARGET = 17.0;
				MARKETING_VERSION = 1.0;
				PRODUCT_BUNDLE_IDENTIFIER = com.microassist.ftpud.widget;
				PRODUCT_NAME = "$(TARGET_NAME)";
				SKIP_INSTALL = YES;
				SWIFT_EMIT_LOC_STRINGS = YES;
				SWIFT_VERSION = 5.0;
				TARGETED_DEVICE_FAMILY = 1;
			};
			name = Release;
		};
/* End XCBuildConfiguration section */

/* Begin XCConfigurationList section */
		A00000000000000000000800 /* Build configuration list for PBXProject "MicroAssist" */ = {
			isa = XCConfigurationList;
			buildConfigurations = (
				A00000000000000000000701 /* Debug */,
				A00000000000000000000702 /* Release */,
			);
			defaultConfigurationIsVisible = 0;
			defaultConfigurationName = Release;
		};
		A00000000000000000000801 /* Build configuration list for PBXNativeTarget "MicroAssist" */ = {
			isa = XCConfigurationList;
			buildConfigurations = (
				A00000000000000000000711 /* Debug */,
				A00000000000000000000712 /* Release */,
			);
			defaultConfigurationIsVisible = 0;
			defaultConfigurationName = Release;
		};
		A00000000000000000000802 /* Build configuration list for PBXNativeTarget "MicroAssistWidgetExtension" */ = {
			isa = XCConfigurationList;
			buildConfigurations = (
				A00000000000000000000721 /* Debug */,
				A00000000000000000000722 /* Release */,
			);
			defaultConfigurationIsVisible = 0;
			defaultConfigurationName = Release;
		};
/* End XCConfigurationList section */
	};
	rootObject = A00000000000000000000400 /* Project object */;
}
